
Microsoft Visual Studio Solution File, Format Version 12.00
# Visual Studio Version 17
VisualStudioVersion = 17.8.34330.188
MinimumVisualStudioVersion = 10.0.40219.1
Project("{FAE04EC0-301F-11D3-BF4B-00C04F79EFBC}") = "akinsoft_mvc", "akinsoft_mvc\akinsoft_mvc.csproj", "{0AEE32D4-F320-4C51-B8F3-86C92C15D906}"
EndProject
Global
	GlobalSection(SolutionConfigurationPlatforms) = preSolution
		Debug|Any CPU = Debug|Any CPU
		Release|Any CPU = Release|Any CPU
	EndGlobalSection
	GlobalSection(ProjectConfigurationPlatforms) = postSolution
		{0AEE32D4-F320-4C51-B8F3-86C92C15D906}.Debug|Any CPU.ActiveCfg = Debug|Any CPU
		{0AEE32D4-F320-4C51-B8F3-86C92C15D906}.Debug|Any CPU.Build.0 = Debug|Any CPU
		{0AEE32D4-F320-4C51-B8F3-86C92C15D906}.Release|Any CPU.ActiveCfg = Release|Any CPU
		{0AEE32D4-F320-4C51-B8F3-86C92C15D906}.Release|Any CPU.Build.0 = Release|Any CPU
	EndGlobalSection
	GlobalSection(SolutionProperties) = preSolution
		HideSolutionNode = FALSE
	EndGlobalSection
	GlobalSection(ExtensibilityGlobals) = postSolution
		SolutionGuid = {68283569-935B-404A-B667-E12B8E4506A3}
	EndGlobalSection
EndGlobal
